// !$*UTF8*$!
{
	archiveVersion = 1;
	classes = {
	};
	objectVersion = 50;
	objects = {

/* Begin PBXBuildFile section */
		CE8A512D26CEBF150064E2FB /* Card.swift in Sources */ = {isa = PBXBuildFile; fileRef = CE8A512C26CEBF150064E2FB /* Card.swift */; };
		CE8A512F26CEBF220064E2FB /* CardController.swift in Sources */ = {isa = PBXBuildFile; fileRef = CE8A512E26CEBF220064E2FB /* CardController.swift */; };
		CE8A513426CEBFB60064E2FB /* CardError.swift in Sources */ = {isa = PBXBuildFile; fileRef = CE8A513326CEBFB60064E2FB /* CardError.swift */; };
		CE8A513626CEBFC50064E2FB /* UIViewControllerExtension.swift in Sources */ = {isa = PBXBuildFile; fileRef = CE8A513526CEBFC50064E2FB /* UIViewControllerExtension.swift */; };
		F099167126CD871D00B56255 /* AppDelegate.swift in Sources */ = {isa = PBXBuildFile; fileRef = F099167026CD871D00B56255 /* AppDelegate.swift */; };
		F099167326CD871D00B56255 /* SceneDelegate.swift in Sources */ = {isa = PBXBuildFile; fileRef = F099167226CD871D00B56255 /* SceneDelegate.swift */; };
		F099167526CD871D00B56255 /* ViewController.swift in Sources */ = {isa = PBXBuildFile; fileRef = F099167426CD871D00B56255 /* ViewController.swift */; };
		F099167826CD871D00B56255 /* Main.storyboard in Resources */ = {isa = PBXBuildFile; fileRef = F099167626CD871D00B56255 /* Main.storyboard */; };
		F099167A26CD871F00B56255 /* Assets.xcassets in Resources */ = {isa = PBXBuildFile; fileRef = F099167926CD871F00B56255 /* Assets.xcassets */; };
		F099167D26CD871F00B56255 /* LaunchScreen.storyboard in Resources */ = {isa = PBXBuildFile; fileRef = F099167B26CD871F00B56255 /* LaunchScreen.storyboard */; };
/* End PBXBuildFile section */

/* Begin PBXFileReference section */
		CE8A512C26CEBF150064E2FB /* Card.swift */ = {isa = PBXFileReference; lastKnownFileType = sourcecode.swift; path = Card.swift; sourceTree = "<group>"; };
		CE8A512E26CEBF220064E2FB /* CardController.swift */ = {isa = PBXFileReference; lastKnownFileType = sourcecode.swift; path = CardController.swift; sourceTree = "<group>"; };
		CE8A513326CEBFB60064E2FB /* CardError.swift */ = {isa = PBXFileReference; lastKnownFileType = sourcecode.swift; path = CardError.swift; sourceTree = "<group>"; };
		CE8A513526CEBFC50064E2FB /* UIViewControllerExtension.swift */ = {isa = PBXFileReference; lastKnownFileType = sourcecode.swift; path = UIViewControllerExtension.swift; sourceTree = "<group>"; };
		F099166D26CD871D00B56255 /* CardGameProject.app */ = {isa = PBXFileReference; explicitFileType = wrapper.application; includeInIndex = 0; path = CardGameProject.app; sourceTree = BUILT_PRODUCTS_DIR; };
		F099167026CD871D00B56255 /* AppDelegate.swift */ = {isa = PBXFileReference; lastKnownFileType = sourcecode.swift; path = AppDelegate.swift; sourceTree = "<group>"; };
		F099167226CD871D00B56255 /* SceneDelegate.swift */ = {isa = PBXFileReference; lastKnownFileType = sourcecode.swift; path = SceneDelegate.swift; sourceTree = "<group>"; };
		F099167426CD871D00B56255 /* ViewController.swift */ = {isa = PBXFileReference; lastKnownFileType = sourcecode.swift; path = ViewController.swift; sourceTree = "<group>"; };
		F099167726CD871D00B56255 /* Base */ = {isa = PBXFileReference; lastKnownFileType = file.storyboard; name = Base; path = Base.lproj/Main.storyboard; sourceTree = "<group>"; };
		F099167926CD871F00B56255 /* Assets.xcassets */ = {isa = PBXFileReference; lastKnownFileType = folder.assetcatalog; path = Assets.xcassets; sourceTree = "<group>"; };
		F099167C26CD871F00B56255 /* Base */ = {isa = PBXFileReference; lastKnownFileType = file.storyboard; name = Base; path = Base.lproj/LaunchScreen.storyboard; sourceTree = "<group>"; };
		F099167E26CD871F00B56255 /* Info.plist */ = {isa = PBXFileReference; lastKnownFileType = text.plist.xml; path = Info.plist; sourceTree = "<group>"; };
/* End PBXFileReference section */

/* Begin PBXFrameworksBuildPhase section */
		F099166A26CD871D00B56255 /* Frameworks */ = {
			isa = PBXFrameworksBuildPhase;
			buildActionMask = 2147483647;
			files = (
			);
			runOnlyForDeploymentPostprocessing = 0;
		};
/* End PBXFrameworksBuildPhase section */

/* Begin PBXGroup section */
		CE8A512A26CEBE9E0064E2FB /* Model */ = {
			isa = PBXGroup;
			children = (
				CE8A512C26CEBF150064E2FB /* Card.swift */,
			);
			path = Model;
			sourceTree = "<group>";
		};
		CE8A512B26CEBEA70064E2FB /* Controller */ = {
			isa = PBXGroup;
			children = (
				CE8A513126CEBF3B0064E2FB /* ViewController */,
				CE8A513026CEBF310064E2FB /* ModelController */,
			);
			path = Controller;
			sourceTree = "<group>";
		};
		CE8A513026CEBF310064E2FB /* ModelController */ = {
			isa = PBXGroup;
			children = (
				CE8A512E26CEBF220064E2FB /* CardController.swift */,
			);
			path = ModelController;
			sourceTree = "<group>";
		};
		CE8A513126CEBF3B0064E2FB /* ViewController */ = {
			isa = PBXGroup;
			children = (
				F099167426CD871D00B56255 /* ViewController.swift */,
			);
			path = ViewController;
			sourceTree = "<group>";
		};
		CE8A513226CEBF840064E2FB /* Helpers + Extensions */ = {
			isa = PBXGroup;
			children = (
				CE8A513326CEBFB60064E2FB /* CardError.swift */,
				CE8A513526CEBFC50064E2FB /* UIViewControllerExtension.swift */,
			);
			path = "Helpers + Extensions";
			sourceTree = "<group>";
		};
		F099166426CD871D00B56255 = {
			isa = PBXGroup;
			children = (
				F099166F26CD871D00B56255 /* CardGameProject */,
				F099166E26CD871D00B56255 /* Products */,
			);
			sourceTree = "<group>";
		};
		F099166E26CD871D00B56255 /* Products */ = {
			isa = PBXGroup;
			children = (
				F099166D26CD871D00B56255 /* CardGameProject.app */,
			);
			name = Products;
			sourceTree = "<group>";
		};
		F099166F26CD871D00B56255 /* CardGameProject */ = {
			isa = PBXGroup;
			children = (
				CE8A513226CEBF840064E2FB /* Helpers + Extensions */,
				CE8A512B26CEBEA70064E2FB /* Controller */,
				CE8A512A26CEBE9E0064E2FB /* Model */,
				F099168726CD87AA00B56255 /* Storyboard */,
				F099168426CD874C00B56255 /* Resources */,
			);
			path = CardGameProject;
			sourceTree = "<group>";
		};
		F099168426CD874C00B56255 /* Resources */ = {
			isa = PBXGroup;
			children = (
				F099167026CD871D00B56255 /* AppDelegate.swift */,
				F099167226CD871D00B56255 /* SceneDelegate.swift */,
				F099167926CD871F00B56255 /* Assets.xcassets */,
				F099167E26CD871F00B56255 /* Info.plist */,
			);
			path = Resources;
			sourceTree = "<group>";
		};
		F099168726CD87AA00B56255 /* Storyboard */ = {
			isa = PBXGroup;
			children = (
				F099167B26CD871F00B56255 /* LaunchScreen.storyboard */,
				F099167626CD871D00B56255 /* Main.storyboard */,
			);
			path = Storyboard;
			sourceTree = "<group>";
		};
/* End PBXGroup section */

/* Begin PBXNativeTarget section */
		F099166C26CD871D00B56255 /* CardGameProject */ = {
			isa = PBXNativeTarget;
			buildConfigurationList = F099168126CD871F00B56255 /* Build configuration list for PBXNativeTarget "CardGameProject" */;
			buildPhases = (
				F099166926CD871D00B56255 /* Sources */,
				F099166A26CD871D00B56255 /* Frameworks */,
				F099166B26CD871D00B56255 /* Resources */,
			);
			buildRules = (
			);
			dependencies = (
			);
			name = CardGameProject;
			productName = CardGameProject;
			productReference = F099166D26CD871D00B56255 /* CardGameProject.app */;
			productType = "com.apple.product-type.application";
		};
/* End PBXNativeTarget section */

/* Begin PBXProject section */
		F099166526CD871D00B56255 /* Project object */ = {
			isa = PBXProject;
			attributes = {
				LastSwiftUpdateCheck = 1250;
				LastUpgradeCheck = 1250;
				TargetAttributes = {
					F099166C26CD871D00B56255 = {
						CreatedOnToolsVersion = 12.5.1;
					};
				};
			};
			buildConfigurationList = F099166826CD871D00B56255 /* Build configuration list for PBXProject "CardGameProject" */;
			compatibilityVersion = "Xcode 9.3";
			developmentRegion = en;
			hasScannedForEncodings = 0;
			knownRegions = (
				en,
				Base,
			);
			mainGroup = F099166426CD871D00B56255;
			productRefGroup = F099166E26CD871D00B56255 /* Products */;
			projectDirPath = "";
			projectRoot = "";
			targets = (
				F099166C26CD871D00B56255 /* CardGameProject */,
			);
		};
/* End PBXProject section */

/* Begin PBXResourcesBuildPhase section */
		F099166B26CD871D00B56255 /* Resources */ = {
			isa = PBXResourcesBuildPhase;
			buildActionMask = 2147483647;
			files = (
				F099167D26CD871F00B56255 /* LaunchScreen.storyboard in Resources */,
				F099167A26CD871F00B56255 /* Assets.xcassets in Resources */,
				F099167826CD871D00B56255 /* Main.storyboard in Resources */,
			);
			runOnlyForDeploymentPostprocessing = 0;
		};
/* End PBXResourcesBuildPhase section */

/* Begin PBXSourcesBuildPhase section */
		F099166926CD871D00B56255 /* Sources */ = {
			isa = PBXSourcesBuildPhase;
			buildActionMask = 2147483647;
			files = (
				CE8A512F26CEBF220064E2FB /* CardController.swift in Sources */,
				F099167526CD871D00B56255 /* ViewController.swift in Sources */,
				CE8A513426CEBFB60064E2FB /* CardError.swift in Sources */,
				F099167126CD871D00B56255 /* AppDelegate.swift in Sources */,
				F099167326CD871D00B56255 /* SceneDelegate.swift in Sources */,
				CE8A513626CEBFC50064E2FB /* UIViewControllerExtension.swift in Sources */,
				CE8A512D26CEBF150064E2FB /* Card.swift in Sources */,
			);
			runOnlyForDeploymentPostprocessing = 0;
		};
/* End PBXSourcesBuildPhase section */

/* Begin PBXVariantGroup section */
		F099167626CD871D00B56255 /* Main.storyboard */ = {
			isa = PBXVariantGroup;
			children = (
				F099167726CD871D00B56255 /* Base */,
			);
			name = Main.storyboard;
			sourceTree = "<group>";
		};
		F099167B26CD871F00B56255 /* LaunchScreen.storyboard */ = {
			isa = PBXVariantGroup;
			children = (
				F099167C26CD871F00B56255 /* Base */,
			);
			name = LaunchScreen.storyboard;
			sourceTree = "<group>";
		};
/* End PBXVariantGroup section */

/* Begin XCBuildConfiguration section */
		F099167F26CD871F00B56255 /* Debug */ = {
			isa = XCBuildConfiguration;
			buildSettings = {
				ALWAYS_SEARCH_USER_PATHS = NO;
				CLANG_ANALYZER_NONNULL = YES;
				CLANG_ANALYZER_NUMBER_OBJECT_CONVERSION = YES_AGGRESSIVE;
				CLANG_CXX_LANGUAGE_STANDARD = "gnu++14";
				CLANG_CXX_LIBRARY = "libc++";
				CLANG_ENABLE_MODULES = YES;
				CLANG_ENABLE_OBJC_ARC = YES;
				CLANG_ENABLE_OBJC_WEAK = YES;
				CLANG_WARN_BLOCK_CAPTURE_AUTORELEASING = YES;
				CLANG_WARN_BOOL_CONVERSION = YES;
				CLANG_WARN_COMMA = YES;
				CLANG_WARN_CONSTANT_CONVERSION = YES;
				CLANG_WARN_DEPRECATED_OBJC_IMPLEMENTATIONS = YES;
				CLANG_WARN_DIRECT_OBJC_ISA_USAGE = YES_ERROR;
				CLANG_WARN_DOCUMENTATION_COMMENTS = YES;
				CLANG_WARN_EMPTY_BODY = YES;
				CLANG_WARN_ENUM_CONVERSION = YES;
				CLANG_WARN_INFINITE_RECURSION = YES;
				CLANG_WARN_INT_CONVERSION = YES;
				CLANG_WARN_NON_LITERAL_NULL_CONVERSION = YES;
				CLANG_WARN_OBJC_IMPLICIT_RETAIN_SELF = YES;
				CLANG_WARN_OBJC_LITERAL_CONVERSION = YES;
				CLANG_WARN_OBJC_ROOT_CLASS = YES_ERROR;
				CLANG_WARN_QUOTED_INCLUDE_IN_FRAMEWORK_HEADER = YES;
				CLANG_WARN_RANGE_LOOP_ANALYSIS = YES;
				CLANG_WARN_STRICT_PROTOTYPES = YES;
				CLANG_WARN_SUSPICIOUS_MOVE = YES;
				CLANG_WARN_UNGUARDED_AVAILABILITY = YES_AGGRESSIVE;
				CLANG_WARN_UNREACHABLE_CODE = YES;
				CLANG_WARN__DUPLICATE_METHOD_MATCH = YES;
				COPY_PHASE_STRIP = NO;
				DEBUG_INFORMATION_FORMAT = dwarf;
				ENABLE_STRICT_OBJC_MSGSEND = YES;
				ENABLE_TESTABILITY = YES;
				GCC_C_LANGUAGE_STANDARD = gnu11;
				GCC_DYNAMIC_NO_PIC = NO;
				GCC_NO_COMMON_BLOCKS = YES;
				GCC_OPTIMIZATION_LEVEL = 0;
				GCC_PREPROCESSOR_DEFINITIONS = (
					"DEBUG=1",
					"$(inherited)",
				);
				GCC_WARN_64_TO_32_BIT_CONVERSION = YES;
				GCC_WARN_ABOUT_RETURN_TYPE = YES_ERROR;
				GCC_WARN_UNDECLARED_SELECTOR = YES;
				GCC_WARN_UNINITIALIZED_AUTOS = YES_AGGRESSIVE;
				GCC_WARN_UNUSED_FUNCTION = YES;
				GCC_WARN_UNUSED_VARIABLE = YES;
				IPHONEOS_DEPLOYMENT_TARGET = 14.5;
				MTL_ENABLE_DEBUG_INFO = INCLUDE_SOURCE;
				MTL_FAST_MATH = YES;
				ONLY_ACTIVE_ARCH = YES;
				SDKROOT = iphoneos;
				SWIFT_ACTIVE_COMPILATION_CONDITIONS = DEBUG;
				SWIFT_OPTIMIZATION_LEVEL = "-Onone";
			};
			name = Debug;
		};
		F099168026CD871F00B56255 /* Release */ = {
			isa = XCBuildConfiguration;
			buildSettings = {
				ALWAYS_SEARCH_USER_PATHS = NO;
				CLANG_ANALYZER_NONNULL = YES;
				CLANG_ANALYZER_NUMBER_OBJECT_CONVERSION = YES_AGGRESSIVE;
				CLANG_CXX_LANGUAGE_STANDARD = "gnu++14";
				CLANG_CXX_LIBRARY = "libc++";
				CLANG_ENABLE_MODULES = YES;
				CLANG_ENABLE_OBJC_ARC = YES;
				CLANG_ENABLE_OBJC_WEAK = YES;
				CLANG_WARN_BLOCK_CAPTURE_AUTORELEASING = YES;
				CLANG_WARN_BOOL_CONVERSION = YES;
				CLANG_WARN_COMMA = YES;
				CLANG_WARN_CONSTANT_CONVERSION = YES;
				CLANG_WARN_DEPRECATED_OBJC_IMPLEMENTATIONS = YES;
				CLANG_WARN_DIRECT_OBJC_ISA_USAGE = YES_ERROR;
				CLANG_WARN_DOCUMENTATION_COMMENTS = YES;
				CLANG_WARN_EMPTY_BODY = YES;
				CLANG_WARN_ENUM_CONVERSION = YES;
				CLANG_WARN_INFINITE_RECURSION = YES;
				CLANG_WARN_INT_CONVERSION = YES;
				CLANG_WARN_NON_LITERAL_NULL_CONVERSION = YES;
				CLANG_WARN_OBJC_IMPLICIT_RETAIN_SELF = YES;
				CLANG_WARN_OBJC_LITERAL_CONVERSION = YES;
				CLANG_WARN_OBJC_ROOT_CLASS = YES_ERROR;
				CLANG_WARN_QUOTED_INCLUDE_IN_FRAMEWORK_HEADER = YES;
				CLANG_WARN_RANGE_LOOP_ANALYSIS = YES;
				CLANG_WARN_STRICT_PROTOTYPES = YES;
				CLANG_WARN_SUSPICIOUS_MOVE = YES;
				CLANG_WARN_UNGUARDED_AVAILABILITY = YES_AGGRESSIVE;
				CLANG_WARN_UNREACHABLE_CODE = YES;
				CLANG_WARN__DUPLICATE_METHOD_MATCH = YES;
				COPY_PHASE_STRIP = NO;
				DEBUG_INFORMATION_FORMAT = "dwarf-with-dsym";
				ENABLE_NS_ASSERTIONS = NO;
				ENABLE_STRICT_OBJC_MSGSEND = YES;
				GCC_C_LANGUAGE_STANDARD = gnu11;
				GCC_NO_COMMON_BLOCKS = YES;
				GCC_WARN_64_TO_32_BIT_CONVERSION = YES;
				GCC_WARN_ABOUT_RETURN_TYPE = YES_ERROR;
				GCC_WARN_UNDECLARED_SELECTOR = YES;
				GCC_WARN_UNINITIALIZED_AUTOS = YES_AGGRESSIVE;
				GCC_WARN_UNUSED_FUNCTION = YES;
				GCC_WARN_UNUSED_VARIABLE = YES;
				IPHONEOS_DEPLOYMENT_TARGET = 14.5;
				MTL_ENABLE_DEBUG_INFO = NO;
				MTL_FAST_MATH = YES;
				SDKROOT = iphoneos;
				SWIFT_COMPILATION_MODE = wholemodule;
				SWIFT_OPTIMIZATION_LEVEL = "-O";
				VALIDATE_PRODUCT = YES;
			};
			name = Release;
		};
		F099168226CD871F00B56255 /* Debug */ = {
			isa = XCBuildConfiguration;
			buildSettings = {
				ASSETCATALOG_COMPILER_APPICON_NAME = AppIcon;
				ASSETCATALOG_COMPILER_GLOBAL_ACCENT_COLOR_NAME = AccentColor;
				CODE_SIGN_STYLE = Automatic;
				DEVELOPMENT_TEAM = FVJ245U8X2;
				INFOPLIST_FILE = CardGameProject/Resources/Info.plist;
				LD_RUNPATH_SEARCH_PATHS = (
					"$(inherited)",
					"@executable_path/Frameworks",
				);
				PRODUCT_BUNDLE_IDENTIFIER = com.codewithkyle.CardGameProject;
				PRODUCT_NAME = "$(TARGET_NAME)";
				SWIFT_VERSION = 5.0;
				TARGETED_DEVICE_FAMILY = "1,2";
			};
			name = Debug;
		};
		F099168326CD871F00B56255 /* Release */ = {
			isa = XCBuildConfiguration;
			buildSettings = {
				ASSETCATALOG_COMPILER_APPICON_NAME = AppIcon;
				ASSETCATALOG_COMPILER_GLOBAL_ACCENT_COLOR_NAME = AccentColor;
				CODE_SIGN_STYLE = Automatic;
				DEVELOPMENT_TEAM = FVJ245U8X2;
				INFOPLIST_FILE = CardGameProject/Resources/Info.plist;
				LD_RUNPATH_SEARCH_PATHS = (
					"$(inherited)",
					"@executable_path/Frameworks",
				);
				PRODUCT_BUNDLE_IDENTIFIER = com.codewithkyle.CardGameProject;
				PRODUCT_NAME = "$(TARGET_NAME)";
				SWIFT_VERSION = 5.0;
				TARGETED_DEVICE_FAMILY = "1,2";
			};
			name = Release;
		};
/* End XCBuildConfiguration section */

/* Begin XCConfigurationList section */
		F099166826CD871D00B56255 /* Build configuration list for PBXProject "CardGameProject" */ = {
			isa = XCConfigurationList;
			buildConfigurations = (
				F099167F26CD871F00B56255 /* Debug */,
				F099168026CD871F00B56255 /* Release */,
			);
			defaultConfigurationIsVisible = 0;
			defaultConfigurationName = Release;
		};
		F099168126CD871F00B56255 /* Build configuration list for PBXNativeTarget "CardGameProject" */ = {
			isa = XCConfigurationList;
			buildConfigurations = (
				F099168226CD871F00B56255 /* Debug */,
				F099168326CD871F00B56255 /* Release */,
			);
			defaultConfigurationIsVisible = 0;
			defaultConfigurationName = Release;
		};
/* End XCConfigurationList section */
	};
	rootObject = F099166526CD871D00B56255 /* Project object */;
}
